
Microsoft Visual Studio Solution File, Format Version 12.00
# Visual Studio 15
Project("{FAE04EC0-301F-11D3-BF4B-00C04F79EFBC}") = "Assembly-CSharp", "Assembly-CSharp.csproj", "{A18EF9F9-7C5A-88DA-5D5B-259311DDF986}"
EndProject
Project("{FAE04EC0-301F-11D3-BF4B-00C04F79EFBC}") = "QFramework.ResKit", "QFramework.ResKit.csproj", "{586BBC2D-40E4-A369-5ACA-C3CBD2F09FC1}"
EndProject
Project("{FAE04EC0-301F-11D3-BF4B-00C04F79EFBC}") = "QFramework.CSharpExtension", "QFramework.CSharpExtension.csproj", "{B199B5CF-2F6D-2D1D-7987-472E7C8001ED}"
EndProject
Project("{FAE04EC0-301F-11D3-BF4B-00C04F79EFBC}") = "QFramework.RefCounter", "QFramework.RefCounter.csproj", "{CB4647C5-5A10-BED6-4979-05DADF32C9F6}"
EndProject
Project("{FAE04EC0-301F-11D3-BF4B-00C04F79EFBC}") = "QFramework.FSM", "QFramework.FSM.csproj", "{029CC5B3-9274-AB79-8405-D14B2DCCFF07}"
EndProject
Project("{FAE04EC0-301F-11D3-BF4B-00C04F79EFBC}") = "QFramework.Pool", "QFramework.Pool.csproj", "{4D3E785E-9B8E-9D7F-41C2-AC01AED1DA63}"
EndProject
Project("{FAE04EC0-301F-11D3-BF4B-00C04F79EFBC}") = "QFramework.ActionKit", "QFramework.ActionKit.csproj", "{72B4082A-310D-F013-3ECC-1D376D617D11}"
EndProject
Project("{FAE04EC0-301F-11D3-BF4B-00C04F79EFBC}") = "QFramework.TypeEventSystem", "QFramework.TypeEventSystem.csproj", "{3833A811-0DD6-36E9-6894-A5AB0EF88593}"
EndProject
Project("{FAE04EC0-301F-11D3-BF4B-00C04F79EFBC}") = "QFramework.Device", "QFramework.Device.csproj", "{129B6E24-BF90-7F0E-1C34-399010832AF4}"
EndProject
Project("{FAE04EC0-301F-11D3-BF4B-00C04F79EFBC}") = "QFramework.EventSystem", "QFramework.EventSystem.csproj", "{98D5E0E3-E18C-8881-678F-8F0C91FB79F3}"
EndProject
Project("{FAE04EC0-301F-11D3-BF4B-00C04F79EFBC}") = "QFramework.IOC", "QFramework.IOC.csproj", "{CE6ACA0E-AD7E-8020-11D1-8865BDAFEC37}"
EndProject
Project("{FAE04EC0-301F-11D3-BF4B-00C04F79EFBC}") = "QFramework.Singleton", "QFramework.Singleton.csproj", "{C204C34B-2A6D-2078-50F1-D03ACC2C386B}"
EndProject
Project("{FAE04EC0-301F-11D3-BF4B-00C04F79EFBC}") = "Assembly-CSharp-Editor", "Assembly-CSharp-Editor.csproj", "{BB0371E0-9253-47FF-AF60-0BB1343C8F35}"
EndProject
Project("{FAE04EC0-301F-11D3-BF4B-00C04F79EFBC}") = "QFramework.BindKit", "QFramework.BindKit.csproj", "{195791BC-7A3B-C9F2-B937-5CD23C389BE8}"
EndProject
Project("{FAE04EC0-301F-11D3-BF4B-00C04F79EFBC}") = "QFramework.PackageKit", "QFramework.PackageKit.csproj", "{106E1641-82AC-34A7-1FD6-CBD861DF7B46}"
EndProject
Global
	GlobalSection(SolutionConfigurationPlatforms) = preSolution
		Debug|Any CPU = Debug|Any CPU
		Release|Any CPU = Release|Any CPU
	EndGlobalSection
	GlobalSection(ProjectConfigurationPlatforms) = postSolution
		{A18EF9F9-7C5A-88DA-5D5B-259311DDF986}.Debug|Any CPU.ActiveCfg = Debug|Any CPU
		{A18EF9F9-7C5A-88DA-5D5B-259311DDF986}.Debug|Any CPU.Build.0 = Debug|Any CPU
		{A18EF9F9-7C5A-88DA-5D5B-259311DDF986}.Release|Any CPU.ActiveCfg = Release|Any CPU
		{A18EF9F9-7C5A-88DA-5D5B-259311DDF986}.Release|Any CPU.Build.0 = Release|Any CPU
		{586BBC2D-40E4-A369-5ACA-C3CBD2F09FC1}.Debug|Any CPU.ActiveCfg = Debug|Any CPU
		{586BBC2D-40E4-A369-5ACA-C3CBD2F09FC1}.Debug|Any CPU.Build.0 = Debug|Any CPU
		{586BBC2D-40E4-A369-5ACA-C3CBD2F09FC1}.Release|Any CPU.ActiveCfg = Release|Any CPU
		{586BBC2D-40E4-A369-5ACA-C3CBD2F09FC1}.Release|Any CPU.Build.0 = Release|Any CPU
		{B199B5CF-2F6D-2D1D-7987-472E7C8001ED}.Debug|Any CPU.ActiveCfg = Debug|Any CPU
		{B199B5CF-2F6D-2D1D-7987-472E7C8001ED}.Debug|Any CPU.Build.0 = Debug|Any CPU
		{B199B5CF-2F6D-2D1D-7987-472E7C8001ED}.Release|Any CPU.ActiveCfg = Release|Any CPU
		{B199B5CF-2F6D-2D1D-7987-472E7C8001ED}.Release|Any CPU.Build.0 = Release|Any CPU
		{CB4647C5-5A10-BED6-4979-05DADF32C9F6}.Debug|Any CPU.ActiveCfg = Debug|Any CPU
		{CB4647C5-5A10-BED6-4979-05DADF32C9F6}.Debug|Any CPU.Build.0 = Debug|Any CPU
		{CB4647C5-5A10-BED6-4979-05DADF32C9F6}.Release|Any CPU.ActiveCfg = Release|Any CPU
		{CB4647C5-5A10-BED6-4979-05DADF32C9F6}.Release|Any CPU.Build.0 = Release|Any CPU
		{029CC5B3-9274-AB79-8405-D14B2DCCFF07}.Debug|Any CPU.ActiveCfg = Debug|Any CPU
		{029CC5B3-9274-AB79-8405-D14B2DCCFF07}.Debug|Any CPU.Build.0 = Debug|Any CPU
		{029CC5B3-9274-AB79-8405-D14B2DCCFF07}.Release|Any CPU.ActiveCfg = Release|Any CPU
		{029CC5B3-9274-AB79-8405-D14B2DCCFF07}.Release|Any CPU.Build.0 = Release|Any CPU
		{4D3E785E-9B8E-9D7F-41C2-AC01AED1DA63}.Debug|Any CPU.ActiveCfg = Debug|Any CPU
		{4D3E785E-9B8E-9D7F-41C2-AC01AED1DA63}.Debug|Any CPU.Build.0 = Debug|Any CPU
		{4D3E785E-9B8E-9D7F-41C2-AC01AED1DA63}.Release|Any CPU.ActiveCfg = Release|Any CPU
		{4D3E785E-9B8E-9D7F-41C2-AC01AED1DA63}.Release|Any CPU.Build.0 = Release|Any CPU
		{72B4082A-310D-F013-3ECC-1D376D617D11}.Debug|Any CPU.ActiveCfg = Debug|Any CPU
		{72B4082A-310D-F013-3ECC-1D376D617D11}.Debug|Any CPU.Build.0 = Debug|Any CPU
		{72B4082A-310D-F013-3ECC-1D376D617D11}.Release|Any CPU.ActiveCfg = Release|Any CPU
		{72B4082A-310D-F013-3ECC-1D376D617D11}.Release|Any CPU.Build.0 = Release|Any CPU
		{3833A811-0DD6-36E9-6894-A5AB0EF88593}.Debug|Any CPU.ActiveCfg = Debug|Any CPU
		{3833A811-0DD6-36E9-6894-A5AB0EF88593}.Debug|Any CPU.Build.0 = Debug|Any CPU
		{3833A811-0DD6-36E9-6894-A5AB0EF88593}.Release|Any CPU.ActiveCfg = Release|Any CPU
		{3833A811-0DD6-36E9-6894-A5AB0EF88593}.Release|Any CPU.Build.0 = Release|Any CPU
		{129B6E24-BF90-7F0E-1C34-399010832AF4}.Debug|Any CPU.ActiveCfg = Debug|Any CPU
		{129B6E24-BF90-7F0E-1C34-399010832AF4}.Debug|Any CPU.Build.0 = Debug|Any CPU
		{129B6E24-BF90-7F0E-1C34-399010832AF4}.Release|Any CPU.ActiveCfg = Release|Any CPU
		{129B6E24-BF90-7F0E-1C34-399010832AF4}.Release|Any CPU.Build.0 = Release|Any CPU
		{98D5E0E3-E18C-8881-678F-8F0C91FB79F3}.Debug|Any CPU.ActiveCfg = Debug|Any CPU
		{98D5E0E3-E18C-8881-678F-8F0C91FB79F3}.Debug|Any CPU.Build.0 = Debug|Any CPU
		{98D5E0E3-E18C-8881-678F-8F0C91FB79F3}.Release|Any CPU.ActiveCfg = Release|Any CPU
		{98D5E0E3-E18C-8881-678F-8F0C91FB79F3}.Release|Any CPU.Build.0 = Release|Any CPU
		{CE6ACA0E-AD7E-8020-11D1-8865BDAFEC37}.Debug|Any CPU.ActiveCfg = Debug|Any CPU
		{CE6ACA0E-AD7E-8020-11D1-8865BDAFEC37}.Debug|Any CPU.Build.0 = Debug|Any CPU
		{CE6ACA0E-AD7E-8020-11D1-8865BDAFEC37}.Release|Any CPU.ActiveCfg = Release|Any CPU
		{CE6ACA0E-AD7E-8020-11D1-8865BDAFEC37}.Release|Any CPU.Build.0 = Release|Any CPU
		{C204C34B-2A6D-2078-50F1-D03ACC2C386B}.Debug|Any CPU.ActiveCfg = Debug|Any CPU
		{C204C34B-2A6D-2078-50F1-D03ACC2C386B}.Debug|Any CPU.Build.0 = Debug|Any CPU
		{C204C34B-2A6D-2078-50F1-D03ACC2C386B}.Release|Any CPU.ActiveCfg = Release|Any CPU
		{C204C34B-2A6D-2078-50F1-D03ACC2C386B}.Release|Any CPU.Build.0 = Release|Any CPU
		{BB0371E0-9253-47FF-AF60-0BB1343C8F35}.Debug|Any CPU.ActiveCfg = Debug|Any CPU
		{BB0371E0-9253-47FF-AF60-0BB1343C8F35}.Debug|Any CPU.Build.0 = Debug|Any CPU
		{BB0371E0-9253-47FF-AF60-0BB1343C8F35}.Release|Any CPU.ActiveCfg = Release|Any CPU
		{BB0371E0-9253-47FF-AF60-0BB1343C8F35}.Release|Any CPU.Build.0 = Release|Any CPU
		{195791BC-7A3B-C9F2-B937-5CD23C389BE8}.Debug|Any CPU.ActiveCfg = Debug|Any CPU
		{195791BC-7A3B-C9F2-B937-5CD23C389BE8}.Debug|Any CPU.Build.0 = Debug|Any CPU
		{195791BC-7A3B-C9F2-B937-5CD23C389BE8}.Release|Any CPU.ActiveCfg = Release|Any CPU
		{195791BC-7A3B-C9F2-B937-5CD23C389BE8}.Release|Any CPU.Build.0 = Release|Any CPU
		{106E1641-82AC-34A7-1FD6-CBD861DF7B46}.Debug|Any CPU.ActiveCfg = Debug|Any CPU
		{106E1641-82AC-34A7-1FD6-CBD861DF7B46}.Debug|Any CPU.Build.0 = Debug|Any CPU
		{106E1641-82AC-34A7-1FD6-CBD861DF7B46}.Release|Any CPU.ActiveCfg = Release|Any CPU
		{106E1641-82AC-34A7-1FD6-CBD861DF7B46}.Release|Any CPU.Build.0 = Release|Any CPU
	EndGlobalSection
	GlobalSection(SolutionProperties) = preSolution
		HideSolutionNode = FALSE
	EndGlobalSection
EndGlobal
